
Microsoft Visual Studio Solution File, Format Version 12.00
# Visual Studio Version 17
VisualStudioVersion = 17.13.35931.197 d17.13
MinimumVisualStudioVersion = 10.0.40219.1
Project("{FAE04EC0-301F-11D3-BF4B-00C04F79EFBC}") = "CatalogAPI", "CatalogAPI\CatalogAPI.csproj", "{0A01BBD6-3E4F-4741-97BD-C3BCC86D837D}"
EndProject
Global
	GlobalSection(SolutionConfigurationPlatforms) = preSolution
		Debug|Any CPU = Debug|Any CPU
		Release|Any CPU = Release|Any CPU
	EndGlobalSection
	GlobalSection(ProjectConfigurationPlatforms) = postSolution
		{0A01BBD6-3E4F-4741-97BD-C3BCC86D837D}.Debug|Any CPU.ActiveCfg = Debug|Any CPU
		{0A01BBD6-3E4F-4741-97BD-C3BCC86D837D}.Debug|Any CPU.Build.0 = Debug|Any CPU
		{0A01BBD6-3E4F-4741-97BD-C3BCC86D837D}.Release|Any CPU.ActiveCfg = Release|Any CPU
		{0A01BBD6-3E4F-4741-97BD-C3BCC86D837D}.Release|Any CPU.Build.0 = Release|Any CPU
	EndGlobalSection
	GlobalSection(SolutionProperties) = preSolution
		HideSolutionNode = FALSE
	EndGlobalSection
	GlobalSection(ExtensibilityGlobals) = postSolution
		SolutionGuid = {8AFCC8B7-FE6A-4688-8FCC-ED05F41E20E1}
	EndGlobalSection
EndGlobal
